
Microsoft Visual Studio Solution File, Format Version 12.00
# Visual Studio Version 17
VisualStudioVersion = 17.11.35303.130
MinimumVisualStudioVersion = 10.0.40219.1
Project("{9A19103F-16F7-4668-BE54-9A1E7A4F7556}") = "NotasRapidasApp", "NotasRapidasApp\NotasRapidasApp.csproj", "{CCC4D0E6-0345-4D2E-93C1-C10336592416}"
EndProject
Project("{FAE04EC0-301F-11D3-BF4B-00C04F79EFBC}") = "SistemaDeReservas", "SistemaDeReservas\SistemaDeReservas.csproj", "{9E40CFC2-8237-44FF-A607-4966FD5048B2}"
EndProject
Project("{FAE04EC0-301F-11D3-BF4B-00C04F79EFBC}") = "GestorDeTareas", "GestorDeTareas\GestorDeTareas.csproj", "{F567EC93-9BD7-4FFB-8EAD-D03734A280D4}"
EndProject
Global
	GlobalSection(SolutionConfigurationPlatforms) = preSolution
		Debug|Any CPU = Debug|Any CPU
		Release|Any CPU = Release|Any CPU
	EndGlobalSection
	GlobalSection(ProjectConfigurationPlatforms) = postSolution
		{CCC4D0E6-0345-4D2E-93C1-C10336592416}.Debug|Any CPU.ActiveCfg = Debug|Any CPU
		{CCC4D0E6-0345-4D2E-93C1-C10336592416}.Debug|Any CPU.Build.0 = Debug|Any CPU
		{CCC4D0E6-0345-4D2E-93C1-C10336592416}.Release|Any CPU.ActiveCfg = Release|Any CPU
		{CCC4D0E6-0345-4D2E-93C1-C10336592416}.Release|Any CPU.Build.0 = Release|Any CPU
		{9E40CFC2-8237-44FF-A607-4966FD5048B2}.Debug|Any CPU.ActiveCfg = Debug|Any CPU
		{9E40CFC2-8237-44FF-A607-4966FD5048B2}.Debug|Any CPU.Build.0 = Debug|Any CPU
		{9E40CFC2-8237-44FF-A607-4966FD5048B2}.Release|Any CPU.ActiveCfg = Release|Any CPU
		{9E40CFC2-8237-44FF-A607-4966FD5048B2}.Release|Any CPU.Build.0 = Release|Any CPU
		{F567EC93-9BD7-4FFB-8EAD-D03734A280D4}.Debug|Any CPU.ActiveCfg = Debug|Any CPU
		{F567EC93-9BD7-4FFB-8EAD-D03734A280D4}.Debug|Any CPU.Build.0 = Debug|Any CPU
		{F567EC93-9BD7-4FFB-8EAD-D03734A280D4}.Release|Any CPU.ActiveCfg = Release|Any CPU
		{F567EC93-9BD7-4FFB-8EAD-D03734A280D4}.Release|Any CPU.Build.0 = Release|Any CPU
	EndGlobalSection
	GlobalSection(SolutionProperties) = preSolution
		HideSolutionNode = FALSE
	EndGlobalSection
	GlobalSection(ExtensibilityGlobals) = postSolution
		SolutionGuid = {0A83A21F-930C-4904-93F3-2660822C77F1}
	EndGlobalSection
EndGlobal
